github.com/lizsites/greetings v0.0.0-20240313174136-f2e23053a05d h1:o3WPBE5Y6PYfGm0sCkMUkKMuOsJ05ZNKsGVn5VvWLGs=
github.com/lizsites/greetings v0.0.0-20240313174136-f2e23053a05d/go.mod h1:KS1PWpEK9n/Z6UVbC68Qc9h5Tcp1ibUyDFr+X+xJS5s=
github.com/lizsites/greetings v0.0.0-20240313175936-6dbaca5fed7e h1:+8unHlc0cnS8D78skeoXYaIJ/CoJl1rUPuypoxHCzBc=
github.com/lizsites/greetings v0.0.0-20240313175936-6dbaca5fed7e/go.mod h1:KS1PWpEK9n/Z6UVbC68Qc9h5Tcp1ibUyDFr+X+xJS5s=
